
Microsoft Visual Studio Solution File, Format Version 11.00
# Visual Studio 2010
Project("{FAE04EC0-301F-11D3-BF4B-00C04F79EFBC}") = "Assembly-CSharp", "Assembly-CSharp.csproj", "{aadbbb54-e132-cc3c-8a4e-e4f9a92a4482}"
EndProject
Project("{FAE04EC0-301F-11D3-BF4B-00C04F79EFBC}") = "Assembly-CSharp-Editor", "Assembly-CSharp-Editor.csproj", "{e4a90b14-d2f3-435a-3892-00fbf7f6d9bf}"
EndProject
Global
	GlobalSection(SolutionConfigurationPlatforms) = preSolution
		Debug|Any CPU = Debug|Any CPU
	EndGlobalSection
	GlobalSection(ProjectConfigurationPlatforms) = postSolution
		{aadbbb54-e132-cc3c-8a4e-e4f9a92a4482}.Debug|Any CPU.ActiveCfg = Debug|Any CPU
		{aadbbb54-e132-cc3c-8a4e-e4f9a92a4482}.Debug|Any CPU.Build.0 = Debug|Any CPU
		{e4a90b14-d2f3-435a-3892-00fbf7f6d9bf}.Debug|Any CPU.ActiveCfg = Debug|Any CPU
		{e4a90b14-d2f3-435a-3892-00fbf7f6d9bf}.Debug|Any CPU.Build.0 = Debug|Any CPU
	EndGlobalSection
	GlobalSection(SolutionProperties) = preSolution
		HideSolutionNode = FALSE
	EndGlobalSection
EndGlobal
